
Microsoft Visual Studio Solution File, Format Version 12.00
# Visual Studio Version 17
VisualStudioVersion = 17.3.32929.385
MinimumVisualStudioVersion = 10.0.40219.1
Project("{FAE04EC0-301F-11D3-BF4B-00C04F79EFBC}") = "WinForms", "WinForms\WinForms.csproj", "{97020332-EC27-4E21-A5C2-FCEF87C1BC50}"
EndProject
Project("{FAE04EC0-301F-11D3-BF4B-00C04F79EFBC}") = "Test", "Test\Test.csproj", "{8DAFEBEA-BA34-47EB-85FF-4574EA548C39}"
	ProjectSection(ProjectDependencies) = postProject
		{97020332-EC27-4E21-A5C2-FCEF87C1BC50} = {97020332-EC27-4E21-A5C2-FCEF87C1BC50}
	EndProjectSection
EndProject
Global
	GlobalSection(SolutionConfigurationPlatforms) = preSolution
		Debug|Any CPU = Debug|Any CPU
		Release|Any CPU = Release|Any CPU
	EndGlobalSection
	GlobalSection(ProjectConfigurationPlatforms) = postSolution
		{97020332-EC27-4E21-A5C2-FCEF87C1BC50}.Debug|Any CPU.ActiveCfg = Debug|Any CPU
		{97020332-EC27-4E21-A5C2-FCEF87C1BC50}.Debug|Any CPU.Build.0 = Debug|Any CPU
		{97020332-EC27-4E21-A5C2-FCEF87C1BC50}.Release|Any CPU.ActiveCfg = Release|Any CPU
		{97020332-EC27-4E21-A5C2-FCEF87C1BC50}.Release|Any CPU.Build.0 = Release|Any CPU
		{8DAFEBEA-BA34-47EB-85FF-4574EA548C39}.Debug|Any CPU.ActiveCfg = Debug|Any CPU
		{8DAFEBEA-BA34-47EB-85FF-4574EA548C39}.Debug|Any CPU.Build.0 = Debug|Any CPU
		{8DAFEBEA-BA34-47EB-85FF-4574EA548C39}.Release|Any CPU.ActiveCfg = Release|Any CPU
		{8DAFEBEA-BA34-47EB-85FF-4574EA548C39}.Release|Any CPU.Build.0 = Release|Any CPU
	EndGlobalSection
	GlobalSection(SolutionProperties) = preSolution
		HideSolutionNode = FALSE
	EndGlobalSection
	GlobalSection(ExtensibilityGlobals) = postSolution
		SolutionGuid = {F7BB34AF-E7B6-4484-9E15-80B67B166EC6}
	EndGlobalSection
EndGlobal
